{
  "name": "fp-for-beginers",
  "version": "1.0.0",
  "lockfileVersion": 1,
  "requires": true,
  "dependencies": {
    "partial": {
      "version": "0.0.6",
      "resolved": "https://registry.npmjs.org/partial/-/partial-0.0.6.tgz",
      "integrity": "sha512-51shO7ArkddSgh0FCJ+C0srd1/Dsvg7NeRZAKcBiABd8cPoEUrrpWTgZHq+Ji1y1du2S77JwK9Z3iAKXB7DiDA=="
    },
    "ramda": {
      "version": "0.25.0",
      "resolved": "https://registry.npmjs.org/ramda/-/ramda-0.25.0.tgz",
      "integrity": "sha512-GXpfrYVPwx3K7RQ6aYT8KPS8XViSXUVJT1ONhoKPE9VAleW42YE+U+8VEyGWt41EnEQW7gwecYJriTI0pKoecQ=="
    }
  }
}
